# THIS IS AN AUTOGENERATED FILE. DO NOT EDIT THIS FILE DIRECTLY.
# yarn lockfile v1


fast-xml-parser@^4.2.4:
  version "4.2.4"
  resolved "https://registry.yarnpkg.com/fast-xml-parser/-/fast-xml-parser-4.2.4.tgz#6e846ede1e56ad9e5ef07d8720809edf0ed07e9b"
  integrity sha512-fbfMDvgBNIdDJLdLOwacjFAPYt67tr31H9ZhWSm45CDAxvd0I6WTlSOUo7K2P/K5sA5JgMKG64PI3DMcaFdWpQ==
  dependencies:
    strnum "^1.0.5"

prettier@^2.2.1:
  version "2.2.1"
  resolved "https://registry.yarnpkg.com/prettier/-/prettier-2.2.1.tgz#795a1a78dd52f073da0cd42b21f9c91381923ff5"
  integrity sha512-PqyhM2yCjg/oKkFPtTGUojv7gnZAoG80ttl45O6x2Ug/rMJw4wcc9k6aaf2hibP7BGVCCM33gZoGjyvt9mm16Q==

strnum@^1.0.5:
  version "1.0.5"
  resolved "https://registry.yarnpkg.com/strnum/-/strnum-1.0.5.tgz#5c4e829fe15ad4ff0d20c3db5ac97b73c9b072db"
  integrity sha512-J8bbNyKKXl5qYcR36TIO8W3mVGVHrmmxsd5PAItGkmyzwJvybiw2IVq5nqd0i4LSNSkB/sx9VHllbfFdr9k1JA==
